{
  "name": "test",
  "version": "1.0.0",
  "lockfileVersion": 3,
  "requires": true,
  "packages": {
    "": {
      "name": "test",
      "version": "1.0.0",
      "license": "ISC",
      "dependencies": {
        "memora-plugin": "^0.0.4"
      }
    },
    "node_modules/memora-plugin": {
      "version": "0.0.4",
      "resolved": "https://registry.npmjs.org/memora-plugin/-/memora-plugin-0.0.4.tgz",
      "integrity": "sha512-qIIx8lxIdh1ODo0YWIQJ9Q8ozXTQrDGZ/8G6jStQDWJYW0nWd49yRdm1FPdy4WW1AZdVhkBk2rD97wkB4JAmjA==",
      "license": "ISC"
    }
  }
}
